
Microsoft Visual Studio Solution File, Format Version 12.00
# Visual Studio Version 16
VisualStudioVersion = 16.0.32228.343
MinimumVisualStudioVersion = 10.0.40219.1
Project("{FAE04EC0-301F-11D3-BF4B-00C04F79EFBC}") = "EntityDataModelDemo", "EntityDataModelDemo\EntityDataModelDemo.csproj", "{0CE83FBB-18B6-4D04-8129-7F432CDA3108}"
EndProject
Global
	GlobalSection(SolutionConfigurationPlatforms) = preSolution
		Debug|Any CPU = Debug|Any CPU
		Release|Any CPU = Release|Any CPU
	EndGlobalSection
	GlobalSection(ProjectConfigurationPlatforms) = postSolution
		{0CE83FBB-18B6-4D04-8129-7F432CDA3108}.Debug|Any CPU.ActiveCfg = Debug|Any CPU
		{0CE83FBB-18B6-4D04-8129-7F432CDA3108}.Debug|Any CPU.Build.0 = Debug|Any CPU
		{0CE83FBB-18B6-4D04-8129-7F432CDA3108}.Release|Any CPU.ActiveCfg = Release|Any CPU
		{0CE83FBB-18B6-4D04-8129-7F432CDA3108}.Release|Any CPU.Build.0 = Release|Any CPU
	EndGlobalSection
	GlobalSection(SolutionProperties) = preSolution
		HideSolutionNode = FALSE
	EndGlobalSection
	GlobalSection(ExtensibilityGlobals) = postSolution
		SolutionGuid = {0632EC90-9B67-45A7-8BF9-A037CC37D4E2}
	EndGlobalSection
EndGlobal
